
Microsoft Visual Studio Solution File, Format Version 12.00
# Visual Studio 14
VisualStudioVersion = 14.0.25420.1
MinimumVisualStudioVersion = 10.0.40219.1
Project("{FAE04EC0-301F-11D3-BF4B-00C04F79EFBC}") = "XnaProject", "XnaProject\XnaProject\XnaProject.csproj", "{0896AEDB-9B98-44DF-A043-D2F897741FF5}"
EndProject
Project("{FAE04EC0-301F-11D3-BF4B-00C04F79EFBC}") = "XnaProjectContent", "XnaProject\XnaProjectContent\XnaProjectContent.contentproj", "{238B031F-9B31-434F-BCAB-AA956ACDD1B2}"
EndProject
Project("{FAE04EC0-301F-11D3-BF4B-00C04F79EFBC}") = "CodeSamples", "CodeSamples\CodeSamples.csproj", "{CDA97784-B4D7-480C-A12F-9601E13709BF}"
EndProject
Project("{FAE04EC0-301F-11D3-BF4B-00C04F79EFBC}") = "TreeSimulator", "TreeSimulator\TreeSimulator.csproj", "{6756E5F0-87CA-47A0-976C-56E167A955EE}"
EndProject
Project("{FAE04EC0-301F-11D3-BF4B-00C04F79EFBC}") = "CitySimulator", "CitySimulator\CitySimulator.csproj", "{7E074344-56BC-495C-B1C7-645F6A89FEE8}"
EndProject
Project("{FAE04EC0-301F-11D3-BF4B-00C04F79EFBC}") = "XnaProjectLibrary", "XnaProjectLibrary\XnaProjectLibrary.csproj", "{44D1BAB7-F1FE-4770-8FCE-6CAA0F554471}"
EndProject
Project("{FAE04EC0-301F-11D3-BF4B-00C04F79EFBC}") = "XnaProjectMapEditor", "XnaProjectMapEditor\XnaProjectMapEditor\XnaProjectMapEditor.csproj", "{32C6938D-CF51-4457-8A35-1966B26C1DCB}"
EndProject
Project("{FAE04EC0-301F-11D3-BF4B-00C04F79EFBC}") = "XnaProjectMapEditorContent", "XnaProjectMapEditor\XnaProjectMapEditorContent\XnaProjectMapEditorContent.contentproj", "{72311258-AA19-439D-B9CB-F7713D0CA7B7}"
EndProject
Project("{FAE04EC0-301F-11D3-BF4B-00C04F79EFBC}") = "CoordinateTest", "CoordinateTest\CoordinateTest\CoordinateTest.csproj", "{D49FE14A-33C6-4A8D-901E-CB87043DF04F}"
EndProject
Project("{FAE04EC0-301F-11D3-BF4B-00C04F79EFBC}") = "CoordinateTestContent", "CoordinateTest\CoordinateTestContent\CoordinateTestContent.contentproj", "{B48C0A2B-9A1F-40BA-A807-09D2E1A49986}"
EndProject
Project("{2150E333-8FDC-42A3-9474-1A3956D46DE8}") = "Documents", "Documents", "{E5F873AB-708F-423A-9B41-7460FEEE1831}"
EndProject
Project("{2150E333-8FDC-42A3-9474-1A3956D46DE8}") = "Todo", "Todo", "{43AFF96E-243E-46F0-8EAC-7FFB5A752E3A}"
	ProjectSection(SolutionItems) = preProject
		Todo01.txt = Todo01.txt
	EndProjectSection
EndProject
Project("{2150E333-8FDC-42A3-9474-1A3956D46DE8}") = "MapEditor", "MapEditor", "{565A171E-59D6-4325-9B47-A42CBFDCC35D}"
EndProject
Project("{2150E333-8FDC-42A3-9474-1A3956D46DE8}") = "XnaGame", "XnaGame", "{B62A766B-E6B7-4068-A738-9F48EC4356DC}"
EndProject
Project("{2150E333-8FDC-42A3-9474-1A3956D46DE8}") = "Todo", "Todo", "{126A7632-4621-4070-AB7A-E3288FE15172}"
EndProject
Global
	GlobalSection(SolutionConfigurationPlatforms) = preSolution
		Debug|Any CPU = Debug|Any CPU
		Debug|x86 = Debug|x86
		Release|Any CPU = Release|Any CPU
		Release|x86 = Release|x86
	EndGlobalSection
	GlobalSection(ProjectConfigurationPlatforms) = postSolution
		{0896AEDB-9B98-44DF-A043-D2F897741FF5}.Debug|Any CPU.ActiveCfg = Debug|x86
		{0896AEDB-9B98-44DF-A043-D2F897741FF5}.Debug|Any CPU.Build.0 = Debug|x86
		{0896AEDB-9B98-44DF-A043-D2F897741FF5}.Debug|x86.ActiveCfg = Debug|x86
		{0896AEDB-9B98-44DF-A043-D2F897741FF5}.Debug|x86.Build.0 = Debug|x86
		{0896AEDB-9B98-44DF-A043-D2F897741FF5}.Release|Any CPU.ActiveCfg = Release|x86
		{0896AEDB-9B98-44DF-A043-D2F897741FF5}.Release|x86.ActiveCfg = Release|x86
		{0896AEDB-9B98-44DF-A043-D2F897741FF5}.Release|x86.Build.0 = Release|x86
		{238B031F-9B31-434F-BCAB-AA956ACDD1B2}.Debug|Any CPU.ActiveCfg = Debug|x86
		{238B031F-9B31-434F-BCAB-AA956ACDD1B2}.Debug|x86.ActiveCfg = Debug|x86
		{238B031F-9B31-434F-BCAB-AA956ACDD1B2}.Release|Any CPU.ActiveCfg = Release|x86
		{238B031F-9B31-434F-BCAB-AA956ACDD1B2}.Release|x86.ActiveCfg = Release|x86
		{CDA97784-B4D7-480C-A12F-9601E13709BF}.Debug|Any CPU.ActiveCfg = Debug|Any CPU
		{CDA97784-B4D7-480C-A12F-9601E13709BF}.Debug|Any CPU.Build.0 = Debug|Any CPU
		{CDA97784-B4D7-480C-A12F-9601E13709BF}.Debug|x86.ActiveCfg = Debug|Any CPU
		{CDA97784-B4D7-480C-A12F-9601E13709BF}.Debug|x86.Build.0 = Debug|Any CPU
		{CDA97784-B4D7-480C-A12F-9601E13709BF}.Release|Any CPU.ActiveCfg = Release|Any CPU
		{CDA97784-B4D7-480C-A12F-9601E13709BF}.Release|Any CPU.Build.0 = Release|Any CPU
		{CDA97784-B4D7-480C-A12F-9601E13709BF}.Release|x86.ActiveCfg = Release|Any CPU
		{CDA97784-B4D7-480C-A12F-9601E13709BF}.Release|x86.Build.0 = Release|Any CPU
		{6756E5F0-87CA-47A0-976C-56E167A955EE}.Debug|Any CPU.ActiveCfg = Debug|Any CPU
		{6756E5F0-87CA-47A0-976C-56E167A955EE}.Debug|Any CPU.Build.0 = Debug|Any CPU
		{6756E5F0-87CA-47A0-976C-56E167A955EE}.Debug|x86.ActiveCfg = Debug|Any CPU
		{6756E5F0-87CA-47A0-976C-56E167A955EE}.Debug|x86.Build.0 = Debug|Any CPU
		{6756E5F0-87CA-47A0-976C-56E167A955EE}.Release|Any CPU.ActiveCfg = Release|Any CPU
		{6756E5F0-87CA-47A0-976C-56E167A955EE}.Release|Any CPU.Build.0 = Release|Any CPU
		{6756E5F0-87CA-47A0-976C-56E167A955EE}.Release|x86.ActiveCfg = Release|Any CPU
		{6756E5F0-87CA-47A0-976C-56E167A955EE}.Release|x86.Build.0 = Release|Any CPU
		{7E074344-56BC-495C-B1C7-645F6A89FEE8}.Debug|Any CPU.ActiveCfg = Debug|Any CPU
		{7E074344-56BC-495C-B1C7-645F6A89FEE8}.Debug|Any CPU.Build.0 = Debug|Any CPU
		{7E074344-56BC-495C-B1C7-645F6A89FEE8}.Debug|x86.ActiveCfg = Debug|Any CPU
		{7E074344-56BC-495C-B1C7-645F6A89FEE8}.Debug|x86.Build.0 = Debug|Any CPU
		{7E074344-56BC-495C-B1C7-645F6A89FEE8}.Release|Any CPU.ActiveCfg = Release|Any CPU
		{7E074344-56BC-495C-B1C7-645F6A89FEE8}.Release|Any CPU.Build.0 = Release|Any CPU
		{7E074344-56BC-495C-B1C7-645F6A89FEE8}.Release|x86.ActiveCfg = Release|Any CPU
		{7E074344-56BC-495C-B1C7-645F6A89FEE8}.Release|x86.Build.0 = Release|Any CPU
		{44D1BAB7-F1FE-4770-8FCE-6CAA0F554471}.Debug|Any CPU.ActiveCfg = Debug|Any CPU
		{44D1BAB7-F1FE-4770-8FCE-6CAA0F554471}.Debug|Any CPU.Build.0 = Debug|Any CPU
		{44D1BAB7-F1FE-4770-8FCE-6CAA0F554471}.Debug|x86.ActiveCfg = Debug|Any CPU
		{44D1BAB7-F1FE-4770-8FCE-6CAA0F554471}.Debug|x86.Build.0 = Debug|Any CPU
		{44D1BAB7-F1FE-4770-8FCE-6CAA0F554471}.Release|Any CPU.ActiveCfg = Release|Any CPU
		{44D1BAB7-F1FE-4770-8FCE-6CAA0F554471}.Release|Any CPU.Build.0 = Release|Any CPU
		{44D1BAB7-F1FE-4770-8FCE-6CAA0F554471}.Release|x86.ActiveCfg = Release|Any CPU
		{44D1BAB7-F1FE-4770-8FCE-6CAA0F554471}.Release|x86.Build.0 = Release|Any CPU
		{32C6938D-CF51-4457-8A35-1966B26C1DCB}.Debug|Any CPU.ActiveCfg = Debug|x86
		{32C6938D-CF51-4457-8A35-1966B26C1DCB}.Debug|Any CPU.Build.0 = Debug|x86
		{32C6938D-CF51-4457-8A35-1966B26C1DCB}.Debug|x86.ActiveCfg = Debug|x86
		{32C6938D-CF51-4457-8A35-1966B26C1DCB}.Debug|x86.Build.0 = Debug|x86
		{32C6938D-CF51-4457-8A35-1966B26C1DCB}.Release|Any CPU.ActiveCfg = Release|x86
		{32C6938D-CF51-4457-8A35-1966B26C1DCB}.Release|x86.ActiveCfg = Release|x86
		{32C6938D-CF51-4457-8A35-1966B26C1DCB}.Release|x86.Build.0 = Release|x86
		{72311258-AA19-439D-B9CB-F7713D0CA7B7}.Debug|Any CPU.ActiveCfg = Debug|x86
		{72311258-AA19-439D-B9CB-F7713D0CA7B7}.Debug|x86.ActiveCfg = Debug|x86
		{72311258-AA19-439D-B9CB-F7713D0CA7B7}.Release|Any CPU.ActiveCfg = Release|x86
		{72311258-AA19-439D-B9CB-F7713D0CA7B7}.Release|x86.ActiveCfg = Release|x86
		{D49FE14A-33C6-4A8D-901E-CB87043DF04F}.Debug|Any CPU.ActiveCfg = Debug|x86
		{D49FE14A-33C6-4A8D-901E-CB87043DF04F}.Debug|Any CPU.Build.0 = Debug|x86
		{D49FE14A-33C6-4A8D-901E-CB87043DF04F}.Debug|x86.ActiveCfg = Debug|x86
		{D49FE14A-33C6-4A8D-901E-CB87043DF04F}.Debug|x86.Build.0 = Debug|x86
		{D49FE14A-33C6-4A8D-901E-CB87043DF04F}.Release|Any CPU.ActiveCfg = Release|x86
		{D49FE14A-33C6-4A8D-901E-CB87043DF04F}.Release|x86.ActiveCfg = Release|x86
		{D49FE14A-33C6-4A8D-901E-CB87043DF04F}.Release|x86.Build.0 = Release|x86
		{B48C0A2B-9A1F-40BA-A807-09D2E1A49986}.Debug|Any CPU.ActiveCfg = Debug|x86
		{B48C0A2B-9A1F-40BA-A807-09D2E1A49986}.Debug|x86.ActiveCfg = Debug|x86
		{B48C0A2B-9A1F-40BA-A807-09D2E1A49986}.Release|Any CPU.ActiveCfg = Release|x86
		{B48C0A2B-9A1F-40BA-A807-09D2E1A49986}.Release|x86.ActiveCfg = Release|x86
	EndGlobalSection
	GlobalSection(SolutionProperties) = preSolution
		HideSolutionNode = FALSE
	EndGlobalSection
	GlobalSection(NestedProjects) = preSolution
		{43AFF96E-243E-46F0-8EAC-7FFB5A752E3A} = {565A171E-59D6-4325-9B47-A42CBFDCC35D}
		{565A171E-59D6-4325-9B47-A42CBFDCC35D} = {E5F873AB-708F-423A-9B41-7460FEEE1831}
		{B62A766B-E6B7-4068-A738-9F48EC4356DC} = {E5F873AB-708F-423A-9B41-7460FEEE1831}
		{126A7632-4621-4070-AB7A-E3288FE15172} = {B62A766B-E6B7-4068-A738-9F48EC4356DC}
	EndGlobalSection
EndGlobal
