
Microsoft Visual Studio Solution File, Format Version 12.00
# Visual Studio 14
VisualStudioVersion = 14.0.25420.1
MinimumVisualStudioVersion = 10.0.40219.1
Project("{FAE04EC0-301F-11D3-BF4B-00C04F79EFBC}") = "XnaProject", "XnaProject\XnaProject\XnaProject.csproj", "{0896AEDB-9B98-44DF-A043-D2F897741FF5}"
EndProject
Project("{96E2B04D-8817-42C6-938A-82C39BA4D311}") = "XnaProjectContent", "XnaProject\XnaProjectContent\XnaProjectContent.contentproj", "{238B031F-9B31-434F-BCAB-AA956ACDD1B2}"
EndProject
Global
	GlobalSection(SolutionConfigurationPlatforms) = preSolution
		Debug|x86 = Debug|x86
		Release|x86 = Release|x86
	EndGlobalSection
	GlobalSection(ProjectConfigurationPlatforms) = postSolution
		{0896AEDB-9B98-44DF-A043-D2F897741FF5}.Debug|x86.ActiveCfg = Debug|x86
		{0896AEDB-9B98-44DF-A043-D2F897741FF5}.Debug|x86.Build.0 = Debug|x86
		{0896AEDB-9B98-44DF-A043-D2F897741FF5}.Release|x86.ActiveCfg = Release|x86
		{0896AEDB-9B98-44DF-A043-D2F897741FF5}.Release|x86.Build.0 = Release|x86
		{238B031F-9B31-434F-BCAB-AA956ACDD1B2}.Debug|x86.ActiveCfg = Debug|x86
		{238B031F-9B31-434F-BCAB-AA956ACDD1B2}.Release|x86.ActiveCfg = Release|x86
	EndGlobalSection
	GlobalSection(SolutionProperties) = preSolution
		HideSolutionNode = FALSE
	EndGlobalSection
EndGlobal
